
Microsoft Visual Studio Solution File, Format Version 12.00
# Visual Studio Version 17
VisualStudioVersion = 17.14.36401.2 d17.14
MinimumVisualStudioVersion = 10.0.40219.1
Project("{FAE04EC0-301F-11D3-BF4B-00C04F79EFBC}") = "ProperBenchmarking", "ProperBenchmarking\ProperBenchmarking.csproj", "{E7D3E5AF-DA9D-402F-93BF-81DC66B5F5CC}"
EndProject
Global
	GlobalSection(SolutionConfigurationPlatforms) = preSolution
		Debug|Any CPU = Debug|Any CPU
		Release|Any CPU = Release|Any CPU
	EndGlobalSection
	GlobalSection(ProjectConfigurationPlatforms) = postSolution
		{E7D3E5AF-DA9D-402F-93BF-81DC66B5F5CC}.Debug|Any CPU.ActiveCfg = Debug|Any CPU
		{E7D3E5AF-DA9D-402F-93BF-81DC66B5F5CC}.Debug|Any CPU.Build.0 = Debug|Any CPU
		{E7D3E5AF-DA9D-402F-93BF-81DC66B5F5CC}.Release|Any CPU.ActiveCfg = Release|Any CPU
		{E7D3E5AF-DA9D-402F-93BF-81DC66B5F5CC}.Release|Any CPU.Build.0 = Release|Any CPU
	EndGlobalSection
	GlobalSection(SolutionProperties) = preSolution
		HideSolutionNode = FALSE
	EndGlobalSection
	GlobalSection(ExtensibilityGlobals) = postSolution
		SolutionGuid = {2D927298-FAEE-4B22-B759-B240A73A2C27}
	EndGlobalSection
EndGlobal
